// !$*UTF8*$!
{
	archiveVersion = 1;
	classes = {
	};
	objectVersion = 46;
	objects = {

/* Begin PBXBuildFile section */
		78B4C000F0B1CCCEDCDF02E7 /* Pods_GitHub.framework in Frameworks */ = {isa = PBXBuildFile; fileRef = 5C3F6ADBB31B12236DE19BAD /* Pods_GitHub.framework */; };
		8404B6721DBA0AAA00383041 /* GHUserCell.swift in Sources */ = {isa = PBXBuildFile; fileRef = 8404B6711DBA0AAA00383041 /* GHUserCell.swift */; };
		8404B6741DBA17A100383041 /* GHTableViewCell.swift in Sources */ = {isa = PBXBuildFile; fileRef = 8404B6731DBA17A100383041 /* GHTableViewCell.swift */; };
		842016D01DBEF99A00ED045D /* GHLanguageViewController.swift in Sources */ = {isa = PBXBuildFile; fileRef = 842016CF1DBEF99A00ED045D /* GHLanguageViewController.swift */; };
		842016D21DBF0C9600ED045D /* GHModel.swift in Sources */ = {isa = PBXBuildFile; fileRef = 842016D11DBF0C9600ED045D /* GHModel.swift */; };
		842016D41DBF0CB500ED045D /* GHUserModel.swift in Sources */ = {isa = PBXBuildFile; fileRef = 842016D31DBF0CB500ED045D /* GHUserModel.swift */; };
		84697F841DB9E99A008B6338 /* GHTableView.swift in Sources */ = {isa = PBXBuildFile; fileRef = 84697F651DB9E99A008B6338 /* GHTableView.swift */; };
		84697F851DB9E99A008B6338 /* GHViewController.swift in Sources */ = {isa = PBXBuildFile; fileRef = 84697F661DB9E99A008B6338 /* GHViewController.swift */; };
		84697F861DB9E99A008B6338 /* GHExtension.swift in Sources */ = {isa = PBXBuildFile; fileRef = 84697F681DB9E99A008B6338 /* GHExtension.swift */; };
		84697F871DB9E99A008B6338 /* GHDiscoveryViewController.swift in Sources */ = {isa = PBXBuildFile; fileRef = 84697F6B1DB9E99A008B6338 /* GHDiscoveryViewController.swift */; };
		84697F881DB9E99A008B6338 /* GHPersonalViewController.swift in Sources */ = {isa = PBXBuildFile; fileRef = 84697F6D1DB9E99A008B6338 /* GHPersonalViewController.swift */; };
		84697F8A1DB9E99A008B6338 /* GHUserViewController.swift in Sources */ = {isa = PBXBuildFile; fileRef = 84697F721DB9E99A008B6338 /* GHUserViewController.swift */; };
		84697F8B1DB9E99A008B6338 /* GHNavigationController.swift in Sources */ = {isa = PBXBuildFile; fileRef = 84697F761DB9E99A008B6338 /* GHNavigationController.swift */; };
		84697F8C1DB9E99A008B6338 /* AppDelegate.swift in Sources */ = {isa = PBXBuildFile; fileRef = 84697F781DB9E99A008B6338 /* AppDelegate.swift */; };
		84697F8D1DB9E99A008B6338 /* Assets.xcassets in Resources */ = {isa = PBXBuildFile; fileRef = 84697F791DB9E99A008B6338 /* Assets.xcassets */; };
		84697F8E1DB9E99A008B6338 /* Default-568h@2x.png in Resources */ = {isa = PBXBuildFile; fileRef = 84697F7A1DB9E99A008B6338 /* Default-568h@2x.png */; };
		84697F8F1DB9E99A008B6338 /* GHGlobal.swift in Sources */ = {isa = PBXBuildFile; fileRef = 84697F7B1DB9E99A008B6338 /* GHGlobal.swift */; };
		84697F921DB9E99A008B6338 /* github60@2x.png in Resources */ = {isa = PBXBuildFile; fileRef = 84697F801DB9E99A008B6338 /* github60@2x.png */; };
		84697F931DB9E99A008B6338 /* GHTabBar.swift in Sources */ = {isa = PBXBuildFile; fileRef = 84697F821DB9E99A008B6338 /* GHTabBar.swift */; };
		84697F941DB9E99A008B6338 /* GHTabBarController.swift in Sources */ = {isa = PBXBuildFile; fileRef = 84697F831DB9E99A008B6338 /* GHTabBarController.swift */; };
		84D9EA5A1DBD9B3B007DFEDA /* GHRepositoryViewController.swift in Sources */ = {isa = PBXBuildFile; fileRef = 84D9EA591DBD9B3B007DFEDA /* GHRepositoryViewController.swift */; };
		84D9EA5C1DBD9B76007DFEDA /* GHRepositoryCell.swift in Sources */ = {isa = PBXBuildFile; fileRef = 84D9EA5B1DBD9B76007DFEDA /* GHRepositoryCell.swift */; };
		84D9EA5E1DBDADBD007DFEDA /* GHUserDetailVC.swift in Sources */ = {isa = PBXBuildFile; fileRef = 84D9EA5D1DBDADBD007DFEDA /* GHUserDetailVC.swift */; };
		84D9EA601DBDD8F9007DFEDA /* GHUserDetailCell.swift in Sources */ = {isa = PBXBuildFile; fileRef = 84D9EA5F1DBDD8F9007DFEDA /* GHUserDetailCell.swift */; };
		84D9EA621DBDECAE007DFEDA /* GHCityViewController.swift in Sources */ = {isa = PBXBuildFile; fileRef = 84D9EA611DBDECAE007DFEDA /* GHCityViewController.swift */; };
		84D9EA641DBDECFC007DFEDA /* GHCountryViewController.swift in Sources */ = {isa = PBXBuildFile; fileRef = 84D9EA631DBDECFC007DFEDA /* GHCountryViewController.swift */; };
		84D9EA661DBDF28D007DFEDA /* GHCountryList.swift in Sources */ = {isa = PBXBuildFile; fileRef = 84D9EA651DBDF28D007DFEDA /* GHCountryList.swift */; };
/* End PBXBuildFile section */

/* Begin PBXFileReference section */
		1CFBDCC258E0C453F8A6B4C9 /* Pods-GitHub.release.xcconfig */ = {isa = PBXFileReference; includeInIndex = 1; lastKnownFileType = text.xcconfig; name = "Pods-GitHub.release.xcconfig"; path = "Pods/Target Support Files/Pods-GitHub/Pods-GitHub.release.xcconfig"; sourceTree = "<group>"; };
		30E9E534E368CB481B99253A /* Pods-GitHub.debug.xcconfig */ = {isa = PBXFileReference; includeInIndex = 1; lastKnownFileType = text.xcconfig; name = "Pods-GitHub.debug.xcconfig"; path = "Pods/Target Support Files/Pods-GitHub/Pods-GitHub.debug.xcconfig"; sourceTree = "<group>"; };
		5C3F6ADBB31B12236DE19BAD /* Pods_GitHub.framework */ = {isa = PBXFileReference; explicitFileType = wrapper.framework; includeInIndex = 0; path = Pods_GitHub.framework; sourceTree = BUILT_PRODUCTS_DIR; };
		8404B6711DBA0AAA00383041 /* GHUserCell.swift */ = {isa = PBXFileReference; fileEncoding = 4; lastKnownFileType = sourcecode.swift; path = GHUserCell.swift; sourceTree = "<group>"; };
		8404B6731DBA17A100383041 /* GHTableViewCell.swift */ = {isa = PBXFileReference; fileEncoding = 4; lastKnownFileType = sourcecode.swift; path = GHTableViewCell.swift; sourceTree = "<group>"; };
		842016CF1DBEF99A00ED045D /* GHLanguageViewController.swift */ = {isa = PBXFileReference; fileEncoding = 4; lastKnownFileType = sourcecode.swift; path = GHLanguageViewController.swift; sourceTree = "<group>"; };
		842016D11DBF0C9600ED045D /* GHModel.swift */ = {isa = PBXFileReference; fileEncoding = 4; lastKnownFileType = sourcecode.swift; path = GHModel.swift; sourceTree = "<group>"; };
		842016D31DBF0CB500ED045D /* GHUserModel.swift */ = {isa = PBXFileReference; fileEncoding = 4; lastKnownFileType = sourcecode.swift; path = GHUserModel.swift; sourceTree = "<group>"; };
		84697F4F1DB9E938008B6338 /* GitHub.app */ = {isa = PBXFileReference; explicitFileType = wrapper.application; includeInIndex = 0; path = GitHub.app; sourceTree = BUILT_PRODUCTS_DIR; };
		84697F651DB9E99A008B6338 /* GHTableView.swift */ = {isa = PBXFileReference; fileEncoding = 4; lastKnownFileType = sourcecode.swift; path = GHTableView.swift; sourceTree = "<group>"; };
		84697F661DB9E99A008B6338 /* GHViewController.swift */ = {isa = PBXFileReference; fileEncoding = 4; lastKnownFileType = sourcecode.swift; path = GHViewController.swift; sourceTree = "<group>"; };
		84697F681DB9E99A008B6338 /* GHExtension.swift */ = {isa = PBXFileReference; fileEncoding = 4; lastKnownFileType = sourcecode.swift; path = GHExtension.swift; sourceTree = "<group>"; };
		84697F6B1DB9E99A008B6338 /* GHDiscoveryViewController.swift */ = {isa = PBXFileReference; fileEncoding = 4; lastKnownFileType = sourcecode.swift; path = GHDiscoveryViewController.swift; sourceTree = "<group>"; };
		84697F6D1DB9E99A008B6338 /* GHPersonalViewController.swift */ = {isa = PBXFileReference; fileEncoding = 4; lastKnownFileType = sourcecode.swift; path = GHPersonalViewController.swift; sourceTree = "<group>"; };
		84697F721DB9E99A008B6338 /* GHUserViewController.swift */ = {isa = PBXFileReference; fileEncoding = 4; lastKnownFileType = sourcecode.swift; path = GHUserViewController.swift; sourceTree = "<group>"; };
		84697F761DB9E99A008B6338 /* GHNavigationController.swift */ = {isa = PBXFileReference; fileEncoding = 4; lastKnownFileType = sourcecode.swift; path = GHNavigationController.swift; sourceTree = "<group>"; };
		84697F781DB9E99A008B6338 /* AppDelegate.swift */ = {isa = PBXFileReference; fileEncoding = 4; lastKnownFileType = sourcecode.swift; path = AppDelegate.swift; sourceTree = "<group>"; };
		84697F791DB9E99A008B6338 /* Assets.xcassets */ = {isa = PBXFileReference; lastKnownFileType = folder.assetcatalog; path = Assets.xcassets; sourceTree = "<group>"; };
		84697F7A1DB9E99A008B6338 /* Default-568h@2x.png */ = {isa = PBXFileReference; lastKnownFileType = image.png; path = "Default-568h@2x.png"; sourceTree = "<group>"; };
		84697F7B1DB9E99A008B6338 /* GHGlobal.swift */ = {isa = PBXFileReference; fileEncoding = 4; lastKnownFileType = sourcecode.swift; path = GHGlobal.swift; sourceTree = "<group>"; };
		84697F7C1DB9E99A008B6338 /* Info.plist */ = {isa = PBXFileReference; fileEncoding = 4; lastKnownFileType = text.plist.xml; path = Info.plist; sourceTree = "<group>"; };
		84697F801DB9E99A008B6338 /* github60@2x.png */ = {isa = PBXFileReference; lastKnownFileType = image.png; path = "github60@2x.png"; sourceTree = "<group>"; };
		84697F821DB9E99A008B6338 /* GHTabBar.swift */ = {isa = PBXFileReference; fileEncoding = 4; lastKnownFileType = sourcecode.swift; path = GHTabBar.swift; sourceTree = "<group>"; };
		84697F831DB9E99A008B6338 /* GHTabBarController.swift */ = {isa = PBXFileReference; fileEncoding = 4; lastKnownFileType = sourcecode.swift; path = GHTabBarController.swift; sourceTree = "<group>"; };
		84D9EA591DBD9B3B007DFEDA /* GHRepositoryViewController.swift */ = {isa = PBXFileReference; fileEncoding = 4; lastKnownFileType = sourcecode.swift; path = GHRepositoryViewController.swift; sourceTree = "<group>"; };
		84D9EA5B1DBD9B76007DFEDA /* GHRepositoryCell.swift */ = {isa = PBXFileReference; fileEncoding = 4; lastKnownFileType = sourcecode.swift; path = GHRepositoryCell.swift; sourceTree = "<group>"; };
		84D9EA5D1DBDADBD007DFEDA /* GHUserDetailVC.swift */ = {isa = PBXFileReference; fileEncoding = 4; lastKnownFileType = sourcecode.swift; path = GHUserDetailVC.swift; sourceTree = "<group>"; };
		84D9EA5F1DBDD8F9007DFEDA /* GHUserDetailCell.swift */ = {isa = PBXFileReference; fileEncoding = 4; lastKnownFileType = sourcecode.swift; path = GHUserDetailCell.swift; sourceTree = "<group>"; };
		84D9EA611DBDECAE007DFEDA /* GHCityViewController.swift */ = {isa = PBXFileReference; fileEncoding = 4; lastKnownFileType = sourcecode.swift; path = GHCityViewController.swift; sourceTree = "<group>"; };
		84D9EA631DBDECFC007DFEDA /* GHCountryViewController.swift */ = {isa = PBXFileReference; fileEncoding = 4; lastKnownFileType = sourcecode.swift; path = GHCountryViewController.swift; sourceTree = "<group>"; };
		84D9EA651DBDF28D007DFEDA /* GHCountryList.swift */ = {isa = PBXFileReference; fileEncoding = 4; lastKnownFileType = sourcecode.swift; path = GHCountryList.swift; sourceTree = "<group>"; };
/* End PBXFileReference section */

/* Begin PBXFrameworksBuildPhase section */
		84697F4C1DB9E938008B6338 /* Frameworks */ = {
			isa = PBXFrameworksBuildPhase;
			buildActionMask = 2147483647;
			files = (
				78B4C000F0B1CCCEDCDF02E7 /* Pods_GitHub.framework in Frameworks */,
			);
			runOnlyForDeploymentPostprocessing = 0;
		};
/* End PBXFrameworksBuildPhase section */

/* Begin PBXGroup section */
		8338688D321F6F2ADDB25431 /* Pods */ = {
			isa = PBXGroup;
			children = (
				30E9E534E368CB481B99253A /* Pods-GitHub.debug.xcconfig */,
				1CFBDCC258E0C453F8A6B4C9 /* Pods-GitHub.release.xcconfig */,
			);
			name = Pods;
			sourceTree = "<group>";
		};
		84697F461DB9E938008B6338 = {
			isa = PBXGroup;
			children = (
				84697F511DB9E938008B6338 /* GitHub */,
				84697F501DB9E938008B6338 /* Products */,
				8338688D321F6F2ADDB25431 /* Pods */,
				8F208DC9CE400F8754E54CD7 /* Frameworks */,
			);
			sourceTree = "<group>";
		};
		84697F501DB9E938008B6338 /* Products */ = {
			isa = PBXGroup;
			children = (
				84697F4F1DB9E938008B6338 /* GitHub.app */,
			);
			name = Products;
			sourceTree = "<group>";
		};
		84697F511DB9E938008B6338 /* GitHub */ = {
			isa = PBXGroup;
			children = (
				84697F641DB9E99A008B6338 /* GHBase */,
				84697F671DB9E99A008B6338 /* GHExtension */,
				84697F691DB9E99A008B6338 /* GHModule */,
				84697F751DB9E99A008B6338 /* GHNavigation */,
				84697F7E1DB9E99A008B6338 /* GHResource */,
				84697F811DB9E99A008B6338 /* GHTabBar */,
				84697F771DB9E99A008B6338 /* GHOther */,
			);
			path = GitHub;
			sourceTree = "<group>";
		};
		84697F641DB9E99A008B6338 /* GHBase */ = {
			isa = PBXGroup;
			children = (
				84697F651DB9E99A008B6338 /* GHTableView.swift */,
				84697F661DB9E99A008B6338 /* GHViewController.swift */,
				8404B6731DBA17A100383041 /* GHTableViewCell.swift */,
				842016D11DBF0C9600ED045D /* GHModel.swift */,
			);
			path = GHBase;
			sourceTree = "<group>";
		};
		84697F671DB9E99A008B6338 /* GHExtension */ = {
			isa = PBXGroup;
			children = (
				84697F681DB9E99A008B6338 /* GHExtension.swift */,
			);
			path = GHExtension;
			sourceTree = "<group>";
		};
		84697F691DB9E99A008B6338 /* GHModule */ = {
			isa = PBXGroup;
			children = (
				84697F701DB9E99A008B6338 /* GHUser */,
				84697F6E1DB9E99A008B6338 /* GHRepository */,
				84697F6A1DB9E99A008B6338 /* GHDiscovery */,
				84697F6C1DB9E99A008B6338 /* GHPersonal */,
			);
			path = GHModule;
			sourceTree = "<group>";
		};
		84697F6A1DB9E99A008B6338 /* GHDiscovery */ = {
			isa = PBXGroup;
			children = (
				84697F6B1DB9E99A008B6338 /* GHDiscoveryViewController.swift */,
			);
			path = GHDiscovery;
			sourceTree = "<group>";
		};
		84697F6C1DB9E99A008B6338 /* GHPersonal */ = {
			isa = PBXGroup;
			children = (
				84697F6D1DB9E99A008B6338 /* GHPersonalViewController.swift */,
			);
			path = GHPersonal;
			sourceTree = "<group>";
		};
		84697F6E1DB9E99A008B6338 /* GHRepository */ = {
			isa = PBXGroup;
			children = (
				84D9EA581DBD9B3B007DFEDA /* GHController */,
				84D9EA561DBD9B3B007DFEDA /* GHModel */,
				84D9EA571DBD9B3B007DFEDA /* GHView */,
			);
			path = GHRepository;
			sourceTree = "<group>";
		};
		84697F701DB9E99A008B6338 /* GHUser */ = {
			isa = PBXGroup;
			children = (
				84697F711DB9E99A008B6338 /* GHController */,
				84697F731DB9E99A008B6338 /* GHModel */,
				84697F741DB9E99A008B6338 /* GHView */,
			);
			path = GHUser;
			sourceTree = "<group>";
		};
		84697F711DB9E99A008B6338 /* GHController */ = {
			isa = PBXGroup;
			children = (
				84697F721DB9E99A008B6338 /* GHUserViewController.swift */,
				84D9EA5D1DBDADBD007DFEDA /* GHUserDetailVC.swift */,
				84D9EA611DBDECAE007DFEDA /* GHCityViewController.swift */,
				84D9EA631DBDECFC007DFEDA /* GHCountryViewController.swift */,
				842016CF1DBEF99A00ED045D /* GHLanguageViewController.swift */,
			);
			path = GHController;
			sourceTree = "<group>";
		};
		84697F731DB9E99A008B6338 /* GHModel */ = {
			isa = PBXGroup;
			children = (
				84D9EA651DBDF28D007DFEDA /* GHCountryList.swift */,
				842016D31DBF0CB500ED045D /* GHUserModel.swift */,
			);
			path = GHModel;
			sourceTree = "<group>";
		};
		84697F741DB9E99A008B6338 /* GHView */ = {
			isa = PBXGroup;
			children = (
				8404B6711DBA0AAA00383041 /* GHUserCell.swift */,
				84D9EA5F1DBDD8F9007DFEDA /* GHUserDetailCell.swift */,
			);
			path = GHView;
			sourceTree = "<group>";
		};
		84697F751DB9E99A008B6338 /* GHNavigation */ = {
			isa = PBXGroup;
			children = (
				84697F761DB9E99A008B6338 /* GHNavigationController.swift */,
			);
			path = GHNavigation;
			sourceTree = "<group>";
		};
		84697F771DB9E99A008B6338 /* GHOther */ = {
			isa = PBXGroup;
			children = (
				84697F781DB9E99A008B6338 /* AppDelegate.swift */,
				84697F791DB9E99A008B6338 /* Assets.xcassets */,
				84697F7A1DB9E99A008B6338 /* Default-568h@2x.png */,
				84697F7B1DB9E99A008B6338 /* GHGlobal.swift */,
				84697F7C1DB9E99A008B6338 /* Info.plist */,
			);
			path = GHOther;
			sourceTree = "<group>";
		};
		84697F7E1DB9E99A008B6338 /* GHResource */ = {
			isa = PBXGroup;
			children = (
				84697F7F1DB9E99A008B6338 /* GHTabBar */,
			);
			path = GHResource;
			sourceTree = "<group>";
		};
		84697F7F1DB9E99A008B6338 /* GHTabBar */ = {
			isa = PBXGroup;
			children = (
				84697F801DB9E99A008B6338 /* github60@2x.png */,
			);
			path = GHTabBar;
			sourceTree = "<group>";
		};
		84697F811DB9E99A008B6338 /* GHTabBar */ = {
			isa = PBXGroup;
			children = (
				84697F821DB9E99A008B6338 /* GHTabBar.swift */,
				84697F831DB9E99A008B6338 /* GHTabBarController.swift */,
			);
			path = GHTabBar;
			sourceTree = "<group>";
		};
		84D9EA561DBD9B3B007DFEDA /* GHModel */ = {
			isa = PBXGroup;
			children = (
			);
			path = GHModel;
			sourceTree = "<group>";
		};
		84D9EA571DBD9B3B007DFEDA /* GHView */ = {
			isa = PBXGroup;
			children = (
				84D9EA5B1DBD9B76007DFEDA /* GHRepositoryCell.swift */,
			);
			path = GHView;
			sourceTree = "<group>";
		};
		84D9EA581DBD9B3B007DFEDA /* GHController */ = {
			isa = PBXGroup;
			children = (
				84D9EA591DBD9B3B007DFEDA /* GHRepositoryViewController.swift */,
			);
			path = GHController;
			sourceTree = "<group>";
		};
		8F208DC9CE400F8754E54CD7 /* Frameworks */ = {
			isa = PBXGroup;
			children = (
				5C3F6ADBB31B12236DE19BAD /* Pods_GitHub.framework */,
			);
			name = Frameworks;
			sourceTree = "<group>";
		};
/* End PBXGroup section */

/* Begin PBXNativeTarget section */
		84697F4E1DB9E938008B6338 /* GitHub */ = {
			isa = PBXNativeTarget;
			buildConfigurationList = 84697F611DB9E938008B6338 /* Build configuration list for PBXNativeTarget "GitHub" */;
			buildPhases = (
				A5D5639991F9FE302ADC3B9D /* [CP] Check Pods Manifest.lock */,
				84697F4B1DB9E938008B6338 /* Sources */,
				84697F4C1DB9E938008B6338 /* Frameworks */,
				84697F4D1DB9E938008B6338 /* Resources */,
				AF15CDC6078711AAB28F3CB9 /* [CP] Embed Pods Frameworks */,
				6BA7F5B41CAB514CDE92114B /* [CP] Copy Pods Resources */,
			);
			buildRules = (
			);
			dependencies = (
			);
			name = GitHub;
			productName = GitHub;
			productReference = 84697F4F1DB9E938008B6338 /* GitHub.app */;
			productType = "com.apple.product-type.application";
		};
/* End PBXNativeTarget section */

/* Begin PBXProject section */
		84697F471DB9E938008B6338 /* Project object */ = {
			isa = PBXProject;
			attributes = {
				LastSwiftUpdateCheck = 0800;
				LastUpgradeCheck = 0800;
				ORGANIZATIONNAME = nachuan;
				TargetAttributes = {
					84697F4E1DB9E938008B6338 = {
						CreatedOnToolsVersion = 8.0;
						DevelopmentTeam = DH5U9AW4GH;
						LastSwiftMigration = 0800;
						ProvisioningStyle = Automatic;
					};
				};
			};
			buildConfigurationList = 84697F4A1DB9E938008B6338 /* Build configuration list for PBXProject "GitHub" */;
			compatibilityVersion = "Xcode 3.2";
			developmentRegion = English;
			hasScannedForEncodings = 0;
			knownRegions = (
				en,
				Base,
			);
			mainGroup = 84697F461DB9E938008B6338;
			productRefGroup = 84697F501DB9E938008B6338 /* Products */;
			projectDirPath = "";
			projectRoot = "";
			targets = (
				84697F4E1DB9E938008B6338 /* GitHub */,
			);
		};
/* End PBXProject section */

/* Begin PBXResourcesBuildPhase section */
		84697F4D1DB9E938008B6338 /* Resources */ = {
			isa = PBXResourcesBuildPhase;
			buildActionMask = 2147483647;
			files = (
				84697F8D1DB9E99A008B6338 /* Assets.xcassets in Resources */,
				84697F921DB9E99A008B6338 /* github60@2x.png in Resources */,
				84697F8E1DB9E99A008B6338 /* Default-568h@2x.png in Resources */,
			);
			runOnlyForDeploymentPostprocessing = 0;
		};
/* End PBXResourcesBuildPhase section */

/* Begin PBXShellScriptBuildPhase section */
		6BA7F5B41CAB514CDE92114B /* [CP] Copy Pods Resources */ = {
			isa = PBXShellScriptBuildPhase;
			buildActionMask = 2147483647;
			files = (
			);
			inputPaths = (
			);
			name = "[CP] Copy Pods Resources";
			outputPaths = (
			);
			runOnlyForDeploymentPostprocessing = 0;
			shellPath = /bin/sh;
			shellScript = "\"${SRCROOT}/Pods/Target Support Files/Pods-GitHub/Pods-GitHub-resources.sh\"\n";
			showEnvVarsInLog = 0;
		};
		A5D5639991F9FE302ADC3B9D /* [CP] Check Pods Manifest.lock */ = {
			isa = PBXShellScriptBuildPhase;
			buildActionMask = 2147483647;
			files = (
			);
			inputPaths = (
			);
			name = "[CP] Check Pods Manifest.lock";
			outputPaths = (
			);
			runOnlyForDeploymentPostprocessing = 0;
			shellPath = /bin/sh;
			shellScript = "diff \"${PODS_ROOT}/../Podfile.lock\" \"${PODS_ROOT}/Manifest.lock\" > /dev/null\nif [[ $? != 0 ]] ; then\n    cat << EOM\nerror: The sandbox is not in sync with the Podfile.lock. Run 'pod install' or update your CocoaPods installation.\nEOM\n    exit 1\nfi\n";
			showEnvVarsInLog = 0;
		};
		AF15CDC6078711AAB28F3CB9 /* [CP] Embed Pods Frameworks */ = {
			isa = PBXShellScriptBuildPhase;
			buildActionMask = 2147483647;
			files = (
			);
			inputPaths = (
			);
			name = "[CP] Embed Pods Frameworks";
			outputPaths = (
			);
			runOnlyForDeploymentPostprocessing = 0;
			shellPath = /bin/sh;
			shellScript = "\"${SRCROOT}/Pods/Target Support Files/Pods-GitHub/Pods-GitHub-frameworks.sh\"\n";
			showEnvVarsInLog = 0;
		};
/* End PBXShellScriptBuildPhase section */

/* Begin PBXSourcesBuildPhase section */
		84697F4B1DB9E938008B6338 /* Sources */ = {
			isa = PBXSourcesBuildPhase;
			buildActionMask = 2147483647;
			files = (
				84697F931DB9E99A008B6338 /* GHTabBar.swift in Sources */,
				84D9EA661DBDF28D007DFEDA /* GHCountryList.swift in Sources */,
				84697F871DB9E99A008B6338 /* GHDiscoveryViewController.swift in Sources */,
				84697F841DB9E99A008B6338 /* GHTableView.swift in Sources */,
				84697F8B1DB9E99A008B6338 /* GHNavigationController.swift in Sources */,
				84D9EA601DBDD8F9007DFEDA /* GHUserDetailCell.swift in Sources */,
				84D9EA641DBDECFC007DFEDA /* GHCountryViewController.swift in Sources */,
				8404B6741DBA17A100383041 /* GHTableViewCell.swift in Sources */,
				84D9EA621DBDECAE007DFEDA /* GHCityViewController.swift in Sources */,
				84697F8C1DB9E99A008B6338 /* AppDelegate.swift in Sources */,
				84D9EA5A1DBD9B3B007DFEDA /* GHRepositoryViewController.swift in Sources */,
				842016D01DBEF99A00ED045D /* GHLanguageViewController.swift in Sources */,
				842016D21DBF0C9600ED045D /* GHModel.swift in Sources */,
				84697F941DB9E99A008B6338 /* GHTabBarController.swift in Sources */,
				84697F881DB9E99A008B6338 /* GHPersonalViewController.swift in Sources */,
				84D9EA5E1DBDADBD007DFEDA /* GHUserDetailVC.swift in Sources */,
				84697F861DB9E99A008B6338 /* GHExtension.swift in Sources */,
				84697F851DB9E99A008B6338 /* GHViewController.swift in Sources */,
				84697F8A1DB9E99A008B6338 /* GHUserViewController.swift in Sources */,
				8404B6721DBA0AAA00383041 /* GHUserCell.swift in Sources */,
				84D9EA5C1DBD9B76007DFEDA /* GHRepositoryCell.swift in Sources */,
				84697F8F1DB9E99A008B6338 /* GHGlobal.swift in Sources */,
				842016D41DBF0CB500ED045D /* GHUserModel.swift in Sources */,
			);
			runOnlyForDeploymentPostprocessing = 0;
		};
/* End PBXSourcesBuildPhase section */

/* Begin XCBuildConfiguration section */
		84697F5F1DB9E938008B6338 /* Debug */ = {
			isa = XCBuildConfiguration;
			buildSettings = {
				ALWAYS_SEARCH_USER_PATHS = NO;
				CLANG_ANALYZER_NONNULL = YES;
				CLANG_CXX_LANGUAGE_STANDARD = "gnu++0x";
				CLANG_CXX_LIBRARY = "libc++";
				CLANG_ENABLE_MODULES = YES;
				CLANG_ENABLE_OBJC_ARC = YES;
				CLANG_WARN_BOOL_CONVERSION = YES;
				CLANG_WARN_CONSTANT_CONVERSION = YES;
				CLANG_WARN_DIRECT_OBJC_ISA_USAGE = YES_ERROR;
				CLANG_WARN_DOCUMENTATION_COMMENTS = YES;
				CLANG_WARN_EMPTY_BODY = YES;
				CLANG_WARN_ENUM_CONVERSION = YES;
				CLANG_WARN_INFINITE_RECURSION = YES;
				CLANG_WARN_INT_CONVERSION = YES;
				CLANG_WARN_OBJC_ROOT_CLASS = YES_ERROR;
				CLANG_WARN_SUSPICIOUS_MOVE = YES;
				CLANG_WARN_SUSPICIOUS_MOVES = YES;
				CLANG_WARN_UNREACHABLE_CODE = YES;
				CLANG_WARN__DUPLICATE_METHOD_MATCH = YES;
				"CODE_SIGN_IDENTITY[sdk=iphoneos*]" = "iPhone Developer";
				COPY_PHASE_STRIP = NO;
				DEBUG_INFORMATION_FORMAT = dwarf;
				ENABLE_STRICT_OBJC_MSGSEND = YES;
				ENABLE_TESTABILITY = YES;
				GCC_C_LANGUAGE_STANDARD = gnu99;
				GCC_DYNAMIC_NO_PIC = NO;
				GCC_NO_COMMON_BLOCKS = YES;
				GCC_OPTIMIZATION_LEVEL = 0;
				GCC_PREPROCESSOR_DEFINITIONS = (
					"DEBUG=1",
					"$(inherited)",
				);
				GCC_WARN_64_TO_32_BIT_CONVERSION = YES;
				GCC_WARN_ABOUT_RETURN_TYPE = YES_ERROR;
				GCC_WARN_UNDECLARED_SELECTOR = YES;
				GCC_WARN_UNINITIALIZED_AUTOS = YES_AGGRESSIVE;
				GCC_WARN_UNUSED_FUNCTION = YES;
				GCC_WARN_UNUSED_VARIABLE = YES;
				IPHONEOS_DEPLOYMENT_TARGET = 8.0;
				MTL_ENABLE_DEBUG_INFO = YES;
				ONLY_ACTIVE_ARCH = YES;
				SDKROOT = iphoneos;
				SWIFT_ACTIVE_COMPILATION_CONDITIONS = DEBUG;
				SWIFT_OPTIMIZATION_LEVEL = "-Onone";
			};
			name = Debug;
		};
		84697F601DB9E938008B6338 /* Release */ = {
			isa = XCBuildConfiguration;
			buildSettings = {
				ALWAYS_SEARCH_USER_PATHS = NO;
				CLANG_ANALYZER_NONNULL = YES;
				CLANG_CXX_LANGUAGE_STANDARD = "gnu++0x";
				CLANG_CXX_LIBRARY = "libc++";
				CLANG_ENABLE_MODULES = YES;
				CLANG_ENABLE_OBJC_ARC = YES;
				CLANG_WARN_BOOL_CONVERSION = YES;
				CLANG_WARN_CONSTANT_CONVERSION = YES;
				CLANG_WARN_DIRECT_OBJC_ISA_USAGE = YES_ERROR;
				CLANG_WARN_DOCUMENTATION_COMMENTS = YES;
				CLANG_WARN_EMPTY_BODY = YES;
				CLANG_WARN_ENUM_CONVERSION = YES;
				CLANG_WARN_INFINITE_RECURSION = YES;
				CLANG_WARN_INT_CONVERSION = YES;
				CLANG_WARN_OBJC_ROOT_CLASS = YES_ERROR;
				CLANG_WARN_SUSPICIOUS_MOVE = YES;
				CLANG_WARN_SUSPICIOUS_MOVES = YES;
				CLANG_WARN_UNREACHABLE_CODE = YES;
				CLANG_WARN__DUPLICATE_METHOD_MATCH = YES;
				"CODE_SIGN_IDENTITY[sdk=iphoneos*]" = "iPhone Developer";
				COPY_PHASE_STRIP = NO;
				DEBUG_INFORMATION_FORMAT = "dwarf-with-dsym";
				ENABLE_NS_ASSERTIONS = NO;
				ENABLE_STRICT_OBJC_MSGSEND = YES;
				GCC_C_LANGUAGE_STANDARD = gnu99;
				GCC_NO_COMMON_BLOCKS = YES;
				GCC_WARN_64_TO_32_BIT_CONVERSION = YES;
				GCC_WARN_ABOUT_RETURN_TYPE = YES_ERROR;
				GCC_WARN_UNDECLARED_SELECTOR = YES;
				GCC_WARN_UNINITIALIZED_AUTOS = YES_AGGRESSIVE;
				GCC_WARN_UNUSED_FUNCTION = YES;
				GCC_WARN_UNUSED_VARIABLE = YES;
				IPHONEOS_DEPLOYMENT_TARGET = 8.0;
				MTL_ENABLE_DEBUG_INFO = NO;
				SDKROOT = iphoneos;
				SWIFT_OPTIMIZATION_LEVEL = "-Owholemodule";
				VALIDATE_PRODUCT = YES;
			};
			name = Release;
		};
		84697F621DB9E938008B6338 /* Debug */ = {
			isa = XCBuildConfiguration;
			baseConfigurationReference = 30E9E534E368CB481B99253A /* Pods-GitHub.debug.xcconfig */;
			buildSettings = {
				ALWAYS_EMBED_SWIFT_STANDARD_LIBRARIES = YES;
				ASSETCATALOG_COMPILER_APPICON_NAME = AppIcon;
				DEVELOPMENT_TEAM = DH5U9AW4GH;
				INFOPLIST_FILE = "$(SRCROOT)/GitHub/GHOther/Info.plist";
				IPHONEOS_DEPLOYMENT_TARGET = 8.0;
				LD_RUNPATH_SEARCH_PATHS = "$(inherited) @executable_path/Frameworks";
				PRODUCT_BUNDLE_IDENTIFIER = com.nachuan.GitHub;
				PRODUCT_NAME = "$(TARGET_NAME)";
				SWIFT_VERSION = 3.0;
			};
			name = Debug;
		};
		84697F631DB9E938008B6338 /* Release */ = {
			isa = XCBuildConfiguration;
			baseConfigurationReference = 1CFBDCC258E0C453F8A6B4C9 /* Pods-GitHub.release.xcconfig */;
			buildSettings = {
				ALWAYS_EMBED_SWIFT_STANDARD_LIBRARIES = YES;
				ASSETCATALOG_COMPILER_APPICON_NAME = AppIcon;
				DEVELOPMENT_TEAM = DH5U9AW4GH;
				INFOPLIST_FILE = "$(SRCROOT)/GitHub/GHOther/Info.plist";
				IPHONEOS_DEPLOYMENT_TARGET = 8.0;
				LD_RUNPATH_SEARCH_PATHS = "$(inherited) @executable_path/Frameworks";
				PRODUCT_BUNDLE_IDENTIFIER = com.nachuan.GitHub;
				PRODUCT_NAME = "$(TARGET_NAME)";
				SWIFT_VERSION = 3.0;
			};
			name = Release;
		};
/* End XCBuildConfiguration section */

/* Begin XCConfigurationList section */
		84697F4A1DB9E938008B6338 /* Build configuration list for PBXProject "GitHub" */ = {
			isa = XCConfigurationList;
			buildConfigurations = (
				84697F5F1DB9E938008B6338 /* Debug */,
				84697F601DB9E938008B6338 /* Release */,
			);
			defaultConfigurationIsVisible = 0;
			defaultConfigurationName = Release;
		};
		84697F611DB9E938008B6338 /* Build configuration list for PBXNativeTarget "GitHub" */ = {
			isa = XCConfigurationList;
			buildConfigurations = (
				84697F621DB9E938008B6338 /* Debug */,
				84697F631DB9E938008B6338 /* Release */,
			);
			defaultConfigurationIsVisible = 0;
			defaultConfigurationName = Release;
		};
/* End XCConfigurationList section */
	};
	rootObject = 84697F471DB9E938008B6338 /* Project object */;
}
